
Microsoft Visual Studio Solution File, Format Version 12.00
# Visual Studio Version 17
VisualStudioVersion = 17.0.32112.339
MinimumVisualStudioVersion = 10.0.40219.1
Project("{9A19103F-16F7-4668-BE54-9A1E7A4F7556}") = "MiniTwit-API", "MiniTwit-API\MiniTwit-API.csproj", "{81941758-490D-4F90-99FD-F7F4782CC79C}"
EndProject
Project("{9A19103F-16F7-4668-BE54-9A1E7A4F7556}") = "Domain", "Domain\Domain.csproj", "{BAE3CF2A-04F6-4D7A-AD66-660B9306B1B9}"
EndProject
Project("{FAE04EC0-301F-11D3-BF4B-00C04F79EFBC}") = "DataAccess", "DataAccess\DataAccess.csproj", "{DA04CD40-DA14-4B4A-9FBB-884E013E7919}"
EndProject
Global
	GlobalSection(SolutionConfigurationPlatforms) = preSolution
		Debug|Any CPU = Debug|Any CPU
		Release|Any CPU = Release|Any CPU
	EndGlobalSection
	GlobalSection(ProjectConfigurationPlatforms) = postSolution
		{81941758-490D-4F90-99FD-F7F4782CC79C}.Debug|Any CPU.ActiveCfg = Debug|Any CPU
		{81941758-490D-4F90-99FD-F7F4782CC79C}.Debug|Any CPU.Build.0 = Debug|Any CPU
		{81941758-490D-4F90-99FD-F7F4782CC79C}.Release|Any CPU.ActiveCfg = Release|Any CPU
		{81941758-490D-4F90-99FD-F7F4782CC79C}.Release|Any CPU.Build.0 = Release|Any CPU
		{BAE3CF2A-04F6-4D7A-AD66-660B9306B1B9}.Debug|Any CPU.ActiveCfg = Debug|Any CPU
		{BAE3CF2A-04F6-4D7A-AD66-660B9306B1B9}.Debug|Any CPU.Build.0 = Debug|Any CPU
		{BAE3CF2A-04F6-4D7A-AD66-660B9306B1B9}.Release|Any CPU.ActiveCfg = Release|Any CPU
		{BAE3CF2A-04F6-4D7A-AD66-660B9306B1B9}.Release|Any CPU.Build.0 = Release|Any CPU
		{DA04CD40-DA14-4B4A-9FBB-884E013E7919}.Debug|Any CPU.ActiveCfg = Debug|Any CPU
		{DA04CD40-DA14-4B4A-9FBB-884E013E7919}.Debug|Any CPU.Build.0 = Debug|Any CPU
		{DA04CD40-DA14-4B4A-9FBB-884E013E7919}.Release|Any CPU.ActiveCfg = Release|Any CPU
		{DA04CD40-DA14-4B4A-9FBB-884E013E7919}.Release|Any CPU.Build.0 = Release|Any CPU
	EndGlobalSection
	GlobalSection(SolutionProperties) = preSolution
		HideSolutionNode = FALSE
	EndGlobalSection
	GlobalSection(ExtensibilityGlobals) = postSolution
		SolutionGuid = {8227CE65-0CD7-438B-98C1-7DAC1E019B23}
	EndGlobalSection
EndGlobal
