{
  "version": 4,
  "terraform_version": "1.2.3",
  "serial": 100,
  "lineage": "0b2e3dac-19a8-8c27-a7cb-5e62d7a9fd53",
  "outputs": {
    "lb": {
      "value": "67.207.77.209",
      "type": "string"
    },
    "servers": {
      "value": [
        "104.248.45.160",
        "104.248.36.124",
        "104.248.40.229"
      ],
      "type": [
        "tuple",
        [
          "string",
          "string",
          "string"
        ]
      ]
    }
  },
  "resources": [
    {
      "mode": "data",
      "type": "digitalocean_ssh_key",
      "name": "home",
      "provider": "provider[\"registry.terraform.io/digitalocean/digitalocean\"]",
      "instances": [
        {
          "schema_version": 0,
          "attributes": {
            "fingerprint": "7d:55:05:68:1f:ea:b2:09:ec:b9:75:b9:fb:70:dd:4f",
            "id": 34775081,
            "name": "minitwit",
            "public_key": "ssh-rsa AAAAB3NzaC1yc2EAAAADAQABAAACAQCz7bS+Ym/NcyoTUy0z8Qy9Pm7JiF6r/DWSGMvIDPBJYlKCnL8qAH3FVWoVDQz+qCmXJaMILYVld/MZgjUdkYnRAgo1z9i0gVrWIVyER8vkr/F0AFzKUATCkSTGfEE9uoROGCInlFvI2IAclw4gVvZzsrT4yCuWqKvvVeiqbYbK6vY+NIsbHBAnc/F+O7N5dODdkoi/HONB9Fsl5jjQoS+RzeH7Gus70B5eu1P7YqzPgpG9r3G1tQ35syYMZ9CZK+DX98FPBCyApJvH+U3/VrL4UkuojIR2cs1H41oFGeHqaQSzxSUS44jqzl++tsksFw51+xoBtyTozVYpxaawZ6ZKyiTssn254dg2sc3UBTDAcAqFoqfVpyZ7e4rq+4Q5yQhra5RYtP5gWiMTwrCuvRmMvvbOZmKI+EuLSokRoAFw6R71Y6X5XdJAhpbmVms1cQr4U91/Eo5lFnI1YsGYKUNNSD30GfWoZJzssXTAPEvNko8r4bNb2uLfVELS71++1Ji3VjI45O8KIjUrmYLUquCqlJ0CsimPw/8xr9PCeTN8TJnWU5S8jK+TE943+ZKtws3hYGbDIdX8SRvvs6NVKkydX06e+SPY5laA2LqLmiz8BJVyWSCyehOcAzHIuEV7+Z3nl4v97VjuExq2xiEFlrnuKc/SGpARTR5/HVt3Ymv85w== jacobm@MacBook-Pro-tilhrende-Jacob-2.local\n"
          },
          "sensitive_attributes": []
        }
      ]
    },
    {
      "mode": "managed",
      "type": "digitalocean_droplet",
      "name": "web",
      "provider": "provider[\"registry.terraform.io/digitalocean/digitalocean\"]",
      "instances": [
        {
          "index_key": 0,
          "schema_version": 1,
          "attributes": {
            "backups": false,
            "created_at": "2022-06-20T13:49:42Z",
            "disk": 25,
            "droplet_agent": null,
            "graceful_shutdown": false,
            "id": "305045435",
            "image": "ubuntu-20-04-x64",
            "ipv4_address": "104.248.45.160",
            "ipv4_address_private": "10.114.0.8",
            "ipv6": false,
            "ipv6_address": "",
            "locked": false,
            "memory": 1024,
            "monitoring": false,
            "name": "web-fra1-1",
            "price_hourly": 0.00744,
            "price_monthly": 5,
            "private_networking": true,
            "region": "fra1",
            "resize_disk": true,
            "size": "s-1vcpu-1gb",
            "ssh_keys": [
              "34775081"
            ],
            "status": "active",
            "tags": null,
            "urn": "do:droplet:305045435",
            "user_data": "1c1372d72c4dfe8ef295f8a425001bba224658ab",
            "vcpus": 1,
            "volume_ids": [],
            "vpc_uuid": "939b920e-64ae-4f0d-be5a-6189113a551e"
          },
          "sensitive_attributes": [],
          "private": "eyJzY2hlbWFfdmVyc2lvbiI6IjEifQ==",
          "dependencies": [
            "data.digitalocean_ssh_key.home"
          ],
          "create_before_destroy": true
        },
        {
          "index_key": 1,
          "schema_version": 1,
          "attributes": {
            "backups": false,
            "created_at": "2022-06-20T13:49:42Z",
            "disk": 25,
            "droplet_agent": null,
            "graceful_shutdown": false,
            "id": "305045434",
            "image": "ubuntu-20-04-x64",
            "ipv4_address": "104.248.36.124",
            "ipv4_address_private": "10.114.0.6",
            "ipv6": false,
            "ipv6_address": "",
            "locked": false,
            "memory": 1024,
            "monitoring": false,
            "name": "web-fra1-2",
            "price_hourly": 0.00744,
            "price_monthly": 5,
            "private_networking": true,
            "region": "fra1",
            "resize_disk": true,
            "size": "s-1vcpu-1gb",
            "ssh_keys": [
              "34775081"
            ],
            "status": "active",
            "tags": null,
            "urn": "do:droplet:305045434",
            "user_data": "9c16f81b542e3fe8cc779e70a0eb447e5898a5b4",
            "vcpus": 1,
            "volume_ids": [],
            "vpc_uuid": "939b920e-64ae-4f0d-be5a-6189113a551e"
          },
          "sensitive_attributes": [],
          "private": "eyJzY2hlbWFfdmVyc2lvbiI6IjEifQ==",
          "dependencies": [
            "data.digitalocean_ssh_key.home"
          ],
          "create_before_destroy": true
        },
        {
          "index_key": 2,
          "schema_version": 1,
          "attributes": {
            "backups": false,
            "created_at": "2022-06-20T13:49:41Z",
            "disk": 25,
            "droplet_agent": null,
            "graceful_shutdown": false,
            "id": "305045432",
            "image": "ubuntu-20-04-x64",
            "ipv4_address": "104.248.40.229",
            "ipv4_address_private": "10.114.0.4",
            "ipv6": false,
            "ipv6_address": "",
            "locked": false,
            "memory": 1024,
            "monitoring": false,
            "name": "web-fra1-3",
            "price_hourly": 0.00744,
            "price_monthly": 5,
            "private_networking": true,
            "region": "fra1",
            "resize_disk": true,
            "size": "s-1vcpu-1gb",
            "ssh_keys": [
              "34775081"
            ],
            "status": "active",
            "tags": null,
            "urn": "do:droplet:305045432",
            "user_data": "e0c6e4faad5f1f23eddae8176fb40c98e2d1e0da",
            "vcpus": 1,
            "volume_ids": [],
            "vpc_uuid": "939b920e-64ae-4f0d-be5a-6189113a551e"
          },
          "sensitive_attributes": [],
          "private": "eyJzY2hlbWFfdmVyc2lvbiI6IjEifQ==",
          "dependencies": [
            "data.digitalocean_ssh_key.home"
          ],
          "create_before_destroy": true
        }
      ]
    },
    {
      "mode": "managed",
      "type": "digitalocean_loadbalancer",
      "name": "web",
      "provider": "provider[\"registry.terraform.io/digitalocean/digitalocean\"]",
      "instances": [
        {
          "schema_version": 1,
          "attributes": {
            "algorithm": "round_robin",
            "disable_lets_encrypt_dns_records": false,
            "droplet_ids": [
              305045432,
              305045434,
              305045435
            ],
            "droplet_tag": "",
            "enable_backend_keepalive": false,
            "enable_proxy_protocol": false,
            "forwarding_rule": [
              {
                "certificate_id": "",
                "certificate_name": "",
                "entry_port": 80,
                "entry_protocol": "http",
                "target_port": 80,
                "target_protocol": "http",
                "tls_passthrough": false
              }
            ],
            "healthcheck": [
              {
                "check_interval_seconds": 10,
                "healthy_threshold": 5,
                "path": "",
                "port": 22,
                "protocol": "tcp",
                "response_timeout_seconds": 5,
                "unhealthy_threshold": 3
              }
            ],
            "id": "4d407239-d72c-4009-b24a-05f16ee70c04",
            "ip": "67.207.77.209",
            "name": "web-fra1",
            "redirect_http_to_https": false,
            "region": "fra1",
            "size": null,
            "size_unit": 1,
            "status": "active",
            "sticky_sessions": [
              {
                "cookie_name": "",
                "cookie_ttl_seconds": 0,
                "type": "none"
              }
            ],
            "urn": "do:loadbalancer:4d407239-d72c-4009-b24a-05f16ee70c04",
            "vpc_uuid": "939b920e-64ae-4f0d-be5a-6189113a551e"
          },
          "sensitive_attributes": [],
          "private": "eyJzY2hlbWFfdmVyc2lvbiI6IjEifQ==",
          "dependencies": [
            "data.digitalocean_ssh_key.home",
            "digitalocean_droplet.web"
          ],
          "create_before_destroy": true
        }
      ]
    }
  ]
}
